
Microsoft Visual Studio Solution File, Format Version 12.00
# Visual Studio Version 16
VisualStudioVersion = 16.0.34301.259
MinimumVisualStudioVersion = 10.0.40219.1
Project("{FAE04EC0-301F-11D3-BF4B-00C04F79EFBC}") = "ConsoleApp8", "ConsoleApp8.csproj", "{4D96D265-2459-4569-AE4B-5CFDEA886C0D}"
EndProject
Global
	GlobalSection(SolutionConfigurationPlatforms) = preSolution
		Debug|Any CPU = Debug|Any CPU
		Release|Any CPU = Release|Any CPU
	EndGlobalSection
	GlobalSection(ProjectConfigurationPlatforms) = postSolution
		{4D96D265-2459-4569-AE4B-5CFDEA886C0D}.Debug|Any CPU.ActiveCfg = Debug|Any CPU
		{4D96D265-2459-4569-AE4B-5CFDEA886C0D}.Debug|Any CPU.Build.0 = Debug|Any CPU
		{4D96D265-2459-4569-AE4B-5CFDEA886C0D}.Release|Any CPU.ActiveCfg = Release|Any CPU
		{4D96D265-2459-4569-AE4B-5CFDEA886C0D}.Release|Any CPU.Build.0 = Release|Any CPU
	EndGlobalSection
	GlobalSection(SolutionProperties) = preSolution
		HideSolutionNode = FALSE
	EndGlobalSection
	GlobalSection(ExtensibilityGlobals) = postSolution
		SolutionGuid = {CFA10193-92A2-4D1D-8615-17099CCC7D22}
	EndGlobalSection
EndGlobal
